
Microsoft Visual Studio Solution File, Format Version 12.00
# Visual Studio Version 17
VisualStudioVersion = 17.12.35707.178 d17.12
MinimumVisualStudioVersion = 10.0.40219.1
Project("{FAE04EC0-301F-11D3-BF4B-00C04F79EFBC}") = "Grey", "Grey\Grey.csproj", "{3B442D7D-D9BF-40FF-A3E7-F00F80A761AD}"
EndProject
Project("{FAE04EC0-301F-11D3-BF4B-00C04F79EFBC}") = "ConsoleDemo", "ConsoleDemo\ConsoleDemo.csproj", "{E190B2F6-7EF9-4544-9569-73EC0DD66973}"
EndProject
Global
	GlobalSection(SolutionConfigurationPlatforms) = preSolution
		Debug|Any CPU = Debug|Any CPU
		Release|Any CPU = Release|Any CPU
	EndGlobalSection
	GlobalSection(ProjectConfigurationPlatforms) = postSolution
		{3B442D7D-D9BF-40FF-A3E7-F00F80A761AD}.Debug|Any CPU.ActiveCfg = Debug|Any CPU
		{3B442D7D-D9BF-40FF-A3E7-F00F80A761AD}.Debug|Any CPU.Build.0 = Debug|Any CPU
		{3B442D7D-D9BF-40FF-A3E7-F00F80A761AD}.Release|Any CPU.ActiveCfg = Release|Any CPU
		{3B442D7D-D9BF-40FF-A3E7-F00F80A761AD}.Release|Any CPU.Build.0 = Release|Any CPU
		{E190B2F6-7EF9-4544-9569-73EC0DD66973}.Debug|Any CPU.ActiveCfg = Debug|Any CPU
		{E190B2F6-7EF9-4544-9569-73EC0DD66973}.Debug|Any CPU.Build.0 = Debug|Any CPU
		{E190B2F6-7EF9-4544-9569-73EC0DD66973}.Release|Any CPU.ActiveCfg = Release|Any CPU
		{E190B2F6-7EF9-4544-9569-73EC0DD66973}.Release|Any CPU.Build.0 = Release|Any CPU
	EndGlobalSection
	GlobalSection(SolutionProperties) = preSolution
		HideSolutionNode = FALSE
	EndGlobalSection
EndGlobal
